
Microsoft Visual Studio Solution File, Format Version 12.00
# Visual Studio Version 17
VisualStudioVersion = 17.8.34004.107
MinimumVisualStudioVersion = 10.0.40219.1
Project("{2150E333-8FDC-42A3-9474-1A3956D46DE8}") = "src", "src", "{DD776450-7E85-4543-ADB1-E86667F0FD35}"
EndProject
Project("{FAE04EC0-301F-11D3-BF4B-00C04F79EFBC}") = "BethanysPieShopHRM", "BethanysPieShopHRM\BethanysPieShopHRM.csproj", "{02C08D42-36AE-455D-A80A-8BF9ED70E5FD}"
EndProject
Project("{2150E333-8FDC-42A3-9474-1A3956D46DE8}") = "Solution Items", "Solution Items", "{5BB065FD-B366-4B55-9806-1748427BD2BB}"
	ProjectSection(SolutionItems) = preProject
		README.md = README.md
	EndProjectSection
EndProject
Global
	GlobalSection(SolutionConfigurationPlatforms) = preSolution
		Debug|Any CPU = Debug|Any CPU
		Release|Any CPU = Release|Any CPU
	EndGlobalSection
	GlobalSection(ProjectConfigurationPlatforms) = postSolution
		{02C08D42-36AE-455D-A80A-8BF9ED70E5FD}.Debug|Any CPU.ActiveCfg = Debug|Any CPU
		{02C08D42-36AE-455D-A80A-8BF9ED70E5FD}.Debug|Any CPU.Build.0 = Debug|Any CPU
		{02C08D42-36AE-455D-A80A-8BF9ED70E5FD}.Release|Any CPU.ActiveCfg = Release|Any CPU
		{02C08D42-36AE-455D-A80A-8BF9ED70E5FD}.Release|Any CPU.Build.0 = Release|Any CPU
	EndGlobalSection
	GlobalSection(SolutionProperties) = preSolution
		HideSolutionNode = FALSE
	EndGlobalSection
	GlobalSection(NestedProjects) = preSolution
		{02C08D42-36AE-455D-A80A-8BF9ED70E5FD} = {DD776450-7E85-4543-ADB1-E86667F0FD35}
	EndGlobalSection
	GlobalSection(ExtensibilityGlobals) = postSolution
		SolutionGuid = {140646C3-B223-4640-B30D-D412E9C801FB}
	EndGlobalSection
EndGlobal
