
Microsoft Visual Studio Solution File, Format Version 12.00
# Visual Studio Version 17
VisualStudioVersion = 17.7.33906.173
MinimumVisualStudioVersion = 10.0.40219.1
Project("{2150E333-8FDC-42A3-9474-1A3956D46DE8}") = "Solution Items", "Solution Items", "{A0C4EF22-B02F-4FB7-AA7A-04183D8D0C0D}"
	ProjectSection(SolutionItems) = preProject
		.gitignore = .gitignore
		README.md = README.md
	EndProjectSection
EndProject
Project("{2150E333-8FDC-42A3-9474-1A3956D46DE8}") = "documentation", "documentation", "{5CD12F94-F27B-4AFA-9CAA-7E411B38C40B}"
EndProject
Project("{2150E333-8FDC-42A3-9474-1A3956D46DE8}") = "images", "images", "{509EBCD5-469D-419E-A046-8A9E901DDC0A}"
	ProjectSection(SolutionItems) = preProject
		documentation\images\B.txt = documentation\images\B.txt
	EndProjectSection
EndProject
Project("{2150E333-8FDC-42A3-9474-1A3956D46DE8}") = "src", "src", "{CF33E4FE-5EF6-42A5-8204-B03D2AC31982}"
EndProject
Project("{2150E333-8FDC-42A3-9474-1A3956D46DE8}") = "tests", "tests", "{34F4B8F0-B640-47D4-8717-D1CFDBB96207}"
	ProjectSection(SolutionItems) = preProject
		tests\A.txt = tests\A.txt
	EndProjectSection
EndProject
Project("{2150E333-8FDC-42A3-9474-1A3956D46DE8}") = "beginner", "beginner", "{73A09A2A-5EA6-41E4-BF5B-557943091CB5}"
EndProject
Project("{2150E333-8FDC-42A3-9474-1A3956D46DE8}") = "intermediate", "intermediate", "{3CAA5327-C998-40E6-8370-AC89C9A32994}"
	ProjectSection(SolutionItems) = preProject
		src\intermediate\intermediate.txt = src\intermediate\intermediate.txt
	EndProjectSection
EndProject
Project("{2150E333-8FDC-42A3-9474-1A3956D46DE8}") = "advanced", "advanced", "{B987EE20-4D4F-41E9-8DC8-537B5827B05D}"
	ProjectSection(SolutionItems) = preProject
		src\advanced\advanced.txt = src\advanced\advanced.txt
	EndProjectSection
EndProject
Project("{2150E333-8FDC-42A3-9474-1A3956D46DE8}") = "expert", "expert", "{BA7ED572-540A-42EB-A8A0-1CBD35526D03}"
	ProjectSection(SolutionItems) = preProject
		src\expert\expert.txt = src\expert\expert.txt
	EndProjectSection
EndProject
Project("{9A19103F-16F7-4668-BE54-9A1E7A4F7556}") = "ArrayAlgosDemo", "src\beginner\ArrayAlgosDemo\ArrayAlgosDemo.csproj", "{F8960E05-3051-40EF-A5A5-38869220E7D6}"
EndProject
Project("{9A19103F-16F7-4668-BE54-9A1E7A4F7556}") = "ListAlgosDemo", "src\beginner\ListAlgosDemo\ListAlgosDemo.csproj", "{349FAB77-B19C-429B-BE4A-CF25E71D19CF}"
EndProject
Project("{2150E333-8FDC-42A3-9474-1A3956D46DE8}") = "common", "common", "{4131A906-F6AD-4C61-86EE-E228B302D8B5}"
EndProject
Project("{FAE04EC0-301F-11D3-BF4B-00C04F79EFBC}") = "SimpleDemos", "src\common\SimpleDemos\SimpleDemos.csproj", "{AD5A9ABC-0084-44AF-B74C-6FE989A8B040}"
EndProject
Global
	GlobalSection(SolutionConfigurationPlatforms) = preSolution
		Debug|Any CPU = Debug|Any CPU
		Release|Any CPU = Release|Any CPU
	EndGlobalSection
	GlobalSection(ProjectConfigurationPlatforms) = postSolution
		{F8960E05-3051-40EF-A5A5-38869220E7D6}.Debug|Any CPU.ActiveCfg = Debug|Any CPU
		{F8960E05-3051-40EF-A5A5-38869220E7D6}.Debug|Any CPU.Build.0 = Debug|Any CPU
		{F8960E05-3051-40EF-A5A5-38869220E7D6}.Release|Any CPU.ActiveCfg = Release|Any CPU
		{F8960E05-3051-40EF-A5A5-38869220E7D6}.Release|Any CPU.Build.0 = Release|Any CPU
		{349FAB77-B19C-429B-BE4A-CF25E71D19CF}.Debug|Any CPU.ActiveCfg = Debug|Any CPU
		{349FAB77-B19C-429B-BE4A-CF25E71D19CF}.Debug|Any CPU.Build.0 = Debug|Any CPU
		{349FAB77-B19C-429B-BE4A-CF25E71D19CF}.Release|Any CPU.ActiveCfg = Release|Any CPU
		{349FAB77-B19C-429B-BE4A-CF25E71D19CF}.Release|Any CPU.Build.0 = Release|Any CPU
		{AD5A9ABC-0084-44AF-B74C-6FE989A8B040}.Debug|Any CPU.ActiveCfg = Debug|Any CPU
		{AD5A9ABC-0084-44AF-B74C-6FE989A8B040}.Debug|Any CPU.Build.0 = Debug|Any CPU
		{AD5A9ABC-0084-44AF-B74C-6FE989A8B040}.Release|Any CPU.ActiveCfg = Release|Any CPU
		{AD5A9ABC-0084-44AF-B74C-6FE989A8B040}.Release|Any CPU.Build.0 = Release|Any CPU
	EndGlobalSection
	GlobalSection(SolutionProperties) = preSolution
		HideSolutionNode = FALSE
	EndGlobalSection
	GlobalSection(NestedProjects) = preSolution
		{509EBCD5-469D-419E-A046-8A9E901DDC0A} = {5CD12F94-F27B-4AFA-9CAA-7E411B38C40B}
		{73A09A2A-5EA6-41E4-BF5B-557943091CB5} = {CF33E4FE-5EF6-42A5-8204-B03D2AC31982}
		{3CAA5327-C998-40E6-8370-AC89C9A32994} = {CF33E4FE-5EF6-42A5-8204-B03D2AC31982}
		{B987EE20-4D4F-41E9-8DC8-537B5827B05D} = {CF33E4FE-5EF6-42A5-8204-B03D2AC31982}
		{BA7ED572-540A-42EB-A8A0-1CBD35526D03} = {CF33E4FE-5EF6-42A5-8204-B03D2AC31982}
		{F8960E05-3051-40EF-A5A5-38869220E7D6} = {73A09A2A-5EA6-41E4-BF5B-557943091CB5}
		{349FAB77-B19C-429B-BE4A-CF25E71D19CF} = {73A09A2A-5EA6-41E4-BF5B-557943091CB5}
		{4131A906-F6AD-4C61-86EE-E228B302D8B5} = {CF33E4FE-5EF6-42A5-8204-B03D2AC31982}
		{AD5A9ABC-0084-44AF-B74C-6FE989A8B040} = {4131A906-F6AD-4C61-86EE-E228B302D8B5}
	EndGlobalSection
	GlobalSection(ExtensibilityGlobals) = postSolution
		SolutionGuid = {3BCC70C2-7F69-403B-908C-250463F4EA0E}
	EndGlobalSection
EndGlobal
